
Microsoft Visual Studio Solution File, Format Version 12.00
# Visual Studio 2013
VisualStudioVersion = 12.0.21005.1
MinimumVisualStudioVersion = 10.0.40219.1
Project("{FAE04EC0-301F-11D3-BF4B-00C04F79EFBC}") = "Chanjet.TP.Core", "Chanjet.TP.Core\Chanjet.TP.Core.csproj", "{75548254-F975-4B11-8E18-FCB85F6092C1}"
EndProject
Project("{FAE04EC0-301F-11D3-BF4B-00C04F79EFBC}") = "Chanjet.TP.Core.Tests", "Chanjet.TP.Core.Tests\Chanjet.TP.Core.Tests.csproj", "{D4E02357-415E-4DF4-BAAC-8C68786AFC62}"
EndProject
Project("{FAE04EC0-301F-11D3-BF4B-00C04F79EFBC}") = "TestConsole", "TestConsole\TestConsole.csproj", "{A0F1ED5B-1B95-4967-B843-39C0F1FFD1EA}"
EndProject
Project("{FAE04EC0-301F-11D3-BF4B-00C04F79EFBC}") = "SelftHostTest", "SelftHostTest\SelftHostTest.csproj", "{B8727B38-15ED-4BF3-B809-004D444ADEEC}"
EndProject
Project("{FAE04EC0-301F-11D3-BF4B-00C04F79EFBC}") = "Chanjet.TP.ServiceHosting", "Chanjet.TP.ServiceHosting\Chanjet.TP.ServiceHosting.csproj", "{1E4A7EFF-7CF8-44BB-B8F3-00276017CE2A}"
EndProject
Project("{FAE04EC0-301F-11D3-BF4B-00C04F79EFBC}") = "Chanjet.TP.Data", "Chanjet.TP.Data\Chanjet.TP.Data.csproj", "{7AF70258-B585-4AD2-B70B-A879AC023CC2}"
EndProject
Project("{FAE04EC0-301F-11D3-BF4B-00C04F79EFBC}") = "Chanjet.TP.SystemManager.Data", "Chanjet.TP.Data.SystemManager\Chanjet.TP.SystemManager.Data.csproj", "{15A0F982-A52F-45D3-83AC-76A8202FF5DF}"
EndProject
Project("{2150E333-8FDC-42A3-9474-1A3956D46DE8}") = "Tests", "Tests", "{CA3A4373-F14D-41D0-A20D-4494B3CA1249}"
EndProject
Project("{FAE04EC0-301F-11D3-BF4B-00C04F79EFBC}") = "Chanjet.TP.Authentication.Stateless", "Chanjet.TP.Authentication.Stateless\Chanjet.TP.Authentication.Stateless.csproj", "{28D9ED5D-601F-4EBE-BA38-80A654661FE2}"
EndProject
Project("{FAE04EC0-301F-11D3-BF4B-00C04F79EFBC}") = "Chanjet.TP.Hosting.Self", "Chanjet.TP.Hosting.Self\Chanjet.TP.Hosting.Self.csproj", "{E859393F-BFFF-48E3-A0F0-FE3387171CE9}"
EndProject
Project("{FAE04EC0-301F-11D3-BF4B-00C04F79EFBC}") = "Chanjet.TP.Hosting.Aspnet", "Chanjet.TP.Hosting.Aspnet\Chanjet.TP.Hosting.Aspnet.csproj", "{FF0D6BED-5FA9-4176-986F-5678DBDC8C5E}"
EndProject
Project("{FAE04EC0-301F-11D3-BF4B-00C04F79EFBC}") = "WebSiteTest", "WebSiteTest\WebSiteTest.csproj", "{F34F5B40-2B38-41D7-A7B2-935D7D0E9D7B}"
EndProject
Project("{E24C65DC-7377-472B-9ABA-BC803B73C61A}") = "Website(3)", "Website\", "{2EBDFB0C-0A6E-4EF9-9D3F-6F23FC597BB0}"
	ProjectSection(WebsiteProperties) = preProject
		TargetFrameworkMoniker = ".NETFramework,Version%3Dv4.0"
		Debug.AspNetCompiler.VirtualPath = "/Website"
		Debug.AspNetCompiler.PhysicalPath = "Website\"
		Debug.AspNetCompiler.TargetPath = "PrecompiledWeb\Website\"
		Debug.AspNetCompiler.Updateable = "true"
		Debug.AspNetCompiler.ForceOverwrite = "true"
		Debug.AspNetCompiler.FixedNames = "false"
		Debug.AspNetCompiler.Debug = "True"
		Release.AspNetCompiler.VirtualPath = "/Website"
		Release.AspNetCompiler.PhysicalPath = "Website\"
		Release.AspNetCompiler.TargetPath = "PrecompiledWeb\Website\"
		Release.AspNetCompiler.Updateable = "true"
		Release.AspNetCompiler.ForceOverwrite = "true"
		Release.AspNetCompiler.FixedNames = "false"
		Release.AspNetCompiler.Debug = "False"
		VWDPort = "35832"
		SlnRelativePath = "Website\"
	EndProjectSection
EndProject
Project("{E24C65DC-7377-472B-9ABA-BC803B73C61A}") = "app", "..\..\..\..\..\nodejs\angular-seed\app\", "{9DED66C6-7B3F-4F72-9C8B-E07FC61871F7}"
	ProjectSection(WebsiteProperties) = preProject
		TargetFrameworkMoniker = ".NETFramework,Version%3Dv4.0"
		Debug.AspNetCompiler.VirtualPath = "/app"
		Debug.AspNetCompiler.PhysicalPath = "..\..\..\..\..\..\nodejs\angular-seed\app\"
		Debug.AspNetCompiler.TargetPath = "PrecompiledWeb\app\"
		Debug.AspNetCompiler.Updateable = "true"
		Debug.AspNetCompiler.ForceOverwrite = "true"
		Debug.AspNetCompiler.FixedNames = "false"
		Debug.AspNetCompiler.Debug = "True"
		Release.AspNetCompiler.VirtualPath = "/app"
		Release.AspNetCompiler.PhysicalPath = "..\..\..\..\..\..\nodejs\angular-seed\app\"
		Release.AspNetCompiler.TargetPath = "PrecompiledWeb\app\"
		Release.AspNetCompiler.Updateable = "true"
		Release.AspNetCompiler.ForceOverwrite = "true"
		Release.AspNetCompiler.FixedNames = "false"
		Release.AspNetCompiler.Debug = "False"
		VWDPort = "37555"
	EndProjectSection
EndProject
Project("{FAE04EC0-301F-11D3-BF4B-00C04F79EFBC}") = "Chanjet.TP.Data.DatabaseProvider", "Chanjet.TP.Data.DatabaseProvider\Chanjet.TP.Data.DatabaseProvider.csproj", "{7D308D73-5878-41CD-BA98-BAFAA1F7C083}"
EndProject
Project("{FAE04EC0-301F-11D3-BF4B-00C04F79EFBC}") = "Chanjet.TP.Service", "Chanjet.TP.Service\Chanjet.TP.Service.csproj", "{442958C2-D262-47FA-922F-D50A36C89D49}"
EndProject
Project("{FAE04EC0-301F-11D3-BF4B-00C04F79EFBC}") = "Chanjet.TP.Model", "Chanjet.TP.Model\Chanjet.TP.Model.csproj", "{5A5660E4-83A7-4542-816A-C30FF3CC1F4C}"
EndProject
Global
	GlobalSection(SolutionConfigurationPlatforms) = preSolution
		Debug|Any CPU = Debug|Any CPU
		Debug|Mixed Platforms = Debug|Mixed Platforms
		Debug|x86 = Debug|x86
		MonoDebug|Any CPU = MonoDebug|Any CPU
		MonoDebug|Mixed Platforms = MonoDebug|Mixed Platforms
		MonoDebug|x86 = MonoDebug|x86
		MonoRelease|Any CPU = MonoRelease|Any CPU
		MonoRelease|Mixed Platforms = MonoRelease|Mixed Platforms
		MonoRelease|x86 = MonoRelease|x86
		Release|Any CPU = Release|Any CPU
		Release|Mixed Platforms = Release|Mixed Platforms
		Release|x86 = Release|x86
	EndGlobalSection
	GlobalSection(ProjectConfigurationPlatforms) = postSolution
		{75548254-F975-4B11-8E18-FCB85F6092C1}.Debug|Any CPU.ActiveCfg = Debug|Any CPU
		{75548254-F975-4B11-8E18-FCB85F6092C1}.Debug|Any CPU.Build.0 = Debug|Any CPU
		{75548254-F975-4B11-8E18-FCB85F6092C1}.Debug|Mixed Platforms.ActiveCfg = Debug|Any CPU
		{75548254-F975-4B11-8E18-FCB85F6092C1}.Debug|Mixed Platforms.Build.0 = Debug|Any CPU
		{75548254-F975-4B11-8E18-FCB85F6092C1}.Debug|x86.ActiveCfg = Debug|Any CPU
		{75548254-F975-4B11-8E18-FCB85F6092C1}.MonoDebug|Any CPU.ActiveCfg = Debug|Any CPU
		{75548254-F975-4B11-8E18-FCB85F6092C1}.MonoDebug|Any CPU.Build.0 = Debug|Any CPU
		{75548254-F975-4B11-8E18-FCB85F6092C1}.MonoDebug|Mixed Platforms.ActiveCfg = Debug|Any CPU
		{75548254-F975-4B11-8E18-FCB85F6092C1}.MonoDebug|Mixed Platforms.Build.0 = Debug|Any CPU
		{75548254-F975-4B11-8E18-FCB85F6092C1}.MonoDebug|x86.ActiveCfg = Debug|Any CPU
		{75548254-F975-4B11-8E18-FCB85F6092C1}.MonoRelease|Any CPU.ActiveCfg = Release|Any CPU
		{75548254-F975-4B11-8E18-FCB85F6092C1}.MonoRelease|Any CPU.Build.0 = Release|Any CPU
		{75548254-F975-4B11-8E18-FCB85F6092C1}.MonoRelease|Mixed Platforms.ActiveCfg = Release|Any CPU
		{75548254-F975-4B11-8E18-FCB85F6092C1}.MonoRelease|Mixed Platforms.Build.0 = Release|Any CPU
		{75548254-F975-4B11-8E18-FCB85F6092C1}.MonoRelease|x86.ActiveCfg = Release|Any CPU
		{75548254-F975-4B11-8E18-FCB85F6092C1}.Release|Any CPU.ActiveCfg = Release|Any CPU
		{75548254-F975-4B11-8E18-FCB85F6092C1}.Release|Any CPU.Build.0 = Release|Any CPU
		{75548254-F975-4B11-8E18-FCB85F6092C1}.Release|Mixed Platforms.ActiveCfg = Release|Any CPU
		{75548254-F975-4B11-8E18-FCB85F6092C1}.Release|Mixed Platforms.Build.0 = Release|Any CPU
		{75548254-F975-4B11-8E18-FCB85F6092C1}.Release|x86.ActiveCfg = Release|Any CPU
		{D4E02357-415E-4DF4-BAAC-8C68786AFC62}.Debug|Any CPU.ActiveCfg = Debug|Any CPU
		{D4E02357-415E-4DF4-BAAC-8C68786AFC62}.Debug|Any CPU.Build.0 = Debug|Any CPU
		{D4E02357-415E-4DF4-BAAC-8C68786AFC62}.Debug|Mixed Platforms.ActiveCfg = Debug|Any CPU
		{D4E02357-415E-4DF4-BAAC-8C68786AFC62}.Debug|Mixed Platforms.Build.0 = Debug|Any CPU
		{D4E02357-415E-4DF4-BAAC-8C68786AFC62}.Debug|x86.ActiveCfg = Debug|Any CPU
		{D4E02357-415E-4DF4-BAAC-8C68786AFC62}.MonoDebug|Any CPU.ActiveCfg = Debug|Any CPU
		{D4E02357-415E-4DF4-BAAC-8C68786AFC62}.MonoDebug|Any CPU.Build.0 = Debug|Any CPU
		{D4E02357-415E-4DF4-BAAC-8C68786AFC62}.MonoDebug|Mixed Platforms.ActiveCfg = Debug|Any CPU
		{D4E02357-415E-4DF4-BAAC-8C68786AFC62}.MonoDebug|Mixed Platforms.Build.0 = Debug|Any CPU
		{D4E02357-415E-4DF4-BAAC-8C68786AFC62}.MonoDebug|x86.ActiveCfg = Debug|Any CPU
		{D4E02357-415E-4DF4-BAAC-8C68786AFC62}.MonoRelease|Any CPU.ActiveCfg = Release|Any CPU
		{D4E02357-415E-4DF4-BAAC-8C68786AFC62}.MonoRelease|Any CPU.Build.0 = Release|Any CPU
		{D4E02357-415E-4DF4-BAAC-8C68786AFC62}.MonoRelease|Mixed Platforms.ActiveCfg = Release|Any CPU
		{D4E02357-415E-4DF4-BAAC-8C68786AFC62}.MonoRelease|Mixed Platforms.Build.0 = Release|Any CPU
		{D4E02357-415E-4DF4-BAAC-8C68786AFC62}.MonoRelease|x86.ActiveCfg = Release|Any CPU
		{D4E02357-415E-4DF4-BAAC-8C68786AFC62}.Release|Any CPU.ActiveCfg = Release|Any CPU
		{D4E02357-415E-4DF4-BAAC-8C68786AFC62}.Release|Any CPU.Build.0 = Release|Any CPU
		{D4E02357-415E-4DF4-BAAC-8C68786AFC62}.Release|Mixed Platforms.ActiveCfg = Release|Any CPU
		{D4E02357-415E-4DF4-BAAC-8C68786AFC62}.Release|Mixed Platforms.Build.0 = Release|Any CPU
		{D4E02357-415E-4DF4-BAAC-8C68786AFC62}.Release|x86.ActiveCfg = Release|Any CPU
		{A0F1ED5B-1B95-4967-B843-39C0F1FFD1EA}.Debug|Any CPU.ActiveCfg = Debug|Any CPU
		{A0F1ED5B-1B95-4967-B843-39C0F1FFD1EA}.Debug|Any CPU.Build.0 = Debug|Any CPU
		{A0F1ED5B-1B95-4967-B843-39C0F1FFD1EA}.Debug|Mixed Platforms.ActiveCfg = Debug|Any CPU
		{A0F1ED5B-1B95-4967-B843-39C0F1FFD1EA}.Debug|Mixed Platforms.Build.0 = Debug|Any CPU
		{A0F1ED5B-1B95-4967-B843-39C0F1FFD1EA}.Debug|x86.ActiveCfg = Debug|Any CPU
		{A0F1ED5B-1B95-4967-B843-39C0F1FFD1EA}.MonoDebug|Any CPU.ActiveCfg = Debug|Any CPU
		{A0F1ED5B-1B95-4967-B843-39C0F1FFD1EA}.MonoDebug|Any CPU.Build.0 = Debug|Any CPU
		{A0F1ED5B-1B95-4967-B843-39C0F1FFD1EA}.MonoDebug|Mixed Platforms.ActiveCfg = Debug|Any CPU
		{A0F1ED5B-1B95-4967-B843-39C0F1FFD1EA}.MonoDebug|Mixed Platforms.Build.0 = Debug|Any CPU
		{A0F1ED5B-1B95-4967-B843-39C0F1FFD1EA}.MonoDebug|x86.ActiveCfg = Debug|Any CPU
		{A0F1ED5B-1B95-4967-B843-39C0F1FFD1EA}.MonoRelease|Any CPU.ActiveCfg = Release|Any CPU
		{A0F1ED5B-1B95-4967-B843-39C0F1FFD1EA}.MonoRelease|Any CPU.Build.0 = Release|Any CPU
		{A0F1ED5B-1B95-4967-B843-39C0F1FFD1EA}.MonoRelease|Mixed Platforms.ActiveCfg = Release|Any CPU
		{A0F1ED5B-1B95-4967-B843-39C0F1FFD1EA}.MonoRelease|Mixed Platforms.Build.0 = Release|Any CPU
		{A0F1ED5B-1B95-4967-B843-39C0F1FFD1EA}.MonoRelease|x86.ActiveCfg = Release|Any CPU
		{A0F1ED5B-1B95-4967-B843-39C0F1FFD1EA}.Release|Any CPU.ActiveCfg = Release|Any CPU
		{A0F1ED5B-1B95-4967-B843-39C0F1FFD1EA}.Release|Any CPU.Build.0 = Release|Any CPU
		{A0F1ED5B-1B95-4967-B843-39C0F1FFD1EA}.Release|Mixed Platforms.ActiveCfg = Release|Any CPU
		{A0F1ED5B-1B95-4967-B843-39C0F1FFD1EA}.Release|Mixed Platforms.Build.0 = Release|Any CPU
		{A0F1ED5B-1B95-4967-B843-39C0F1FFD1EA}.Release|x86.ActiveCfg = Release|Any CPU
		{B8727B38-15ED-4BF3-B809-004D444ADEEC}.Debug|Any CPU.ActiveCfg = Debug|Any CPU
		{B8727B38-15ED-4BF3-B809-004D444ADEEC}.Debug|Any CPU.Build.0 = Debug|Any CPU
		{B8727B38-15ED-4BF3-B809-004D444ADEEC}.Debug|Mixed Platforms.ActiveCfg = Debug|Any CPU
		{B8727B38-15ED-4BF3-B809-004D444ADEEC}.Debug|Mixed Platforms.Build.0 = Debug|Any CPU
		{B8727B38-15ED-4BF3-B809-004D444ADEEC}.Debug|x86.ActiveCfg = Debug|Any CPU
		{B8727B38-15ED-4BF3-B809-004D444ADEEC}.MonoDebug|Any CPU.ActiveCfg = Debug|Any CPU
		{B8727B38-15ED-4BF3-B809-004D444ADEEC}.MonoDebug|Any CPU.Build.0 = Debug|Any CPU
		{B8727B38-15ED-4BF3-B809-004D444ADEEC}.MonoDebug|Mixed Platforms.ActiveCfg = Debug|Any CPU
		{B8727B38-15ED-4BF3-B809-004D444ADEEC}.MonoDebug|Mixed Platforms.Build.0 = Debug|Any CPU
		{B8727B38-15ED-4BF3-B809-004D444ADEEC}.MonoDebug|x86.ActiveCfg = Debug|Any CPU
		{B8727B38-15ED-4BF3-B809-004D444ADEEC}.MonoRelease|Any CPU.ActiveCfg = Release|Any CPU
		{B8727B38-15ED-4BF3-B809-004D444ADEEC}.MonoRelease|Any CPU.Build.0 = Release|Any CPU
		{B8727B38-15ED-4BF3-B809-004D444ADEEC}.MonoRelease|Mixed Platforms.ActiveCfg = Release|Any CPU
		{B8727B38-15ED-4BF3-B809-004D444ADEEC}.MonoRelease|Mixed Platforms.Build.0 = Release|Any CPU
		{B8727B38-15ED-4BF3-B809-004D444ADEEC}.MonoRelease|x86.ActiveCfg = Release|Any CPU
		{B8727B38-15ED-4BF3-B809-004D444ADEEC}.Release|Any CPU.ActiveCfg = Release|Any CPU
		{B8727B38-15ED-4BF3-B809-004D444ADEEC}.Release|Any CPU.Build.0 = Release|Any CPU
		{B8727B38-15ED-4BF3-B809-004D444ADEEC}.Release|Mixed Platforms.ActiveCfg = Release|Any CPU
		{B8727B38-15ED-4BF3-B809-004D444ADEEC}.Release|Mixed Platforms.Build.0 = Release|Any CPU
		{B8727B38-15ED-4BF3-B809-004D444ADEEC}.Release|x86.ActiveCfg = Release|Any CPU
		{1E4A7EFF-7CF8-44BB-B8F3-00276017CE2A}.Debug|Any CPU.ActiveCfg = Debug|Any CPU
		{1E4A7EFF-7CF8-44BB-B8F3-00276017CE2A}.Debug|Any CPU.Build.0 = Debug|Any CPU
		{1E4A7EFF-7CF8-44BB-B8F3-00276017CE2A}.Debug|Mixed Platforms.ActiveCfg = Debug|Any CPU
		{1E4A7EFF-7CF8-44BB-B8F3-00276017CE2A}.Debug|Mixed Platforms.Build.0 = Debug|Any CPU
		{1E4A7EFF-7CF8-44BB-B8F3-00276017CE2A}.Debug|x86.ActiveCfg = Debug|Any CPU
		{1E4A7EFF-7CF8-44BB-B8F3-00276017CE2A}.MonoDebug|Any CPU.ActiveCfg = Debug|Any CPU
		{1E4A7EFF-7CF8-44BB-B8F3-00276017CE2A}.MonoDebug|Any CPU.Build.0 = Debug|Any CPU
		{1E4A7EFF-7CF8-44BB-B8F3-00276017CE2A}.MonoDebug|Mixed Platforms.ActiveCfg = Debug|Any CPU
		{1E4A7EFF-7CF8-44BB-B8F3-00276017CE2A}.MonoDebug|Mixed Platforms.Build.0 = Debug|Any CPU
		{1E4A7EFF-7CF8-44BB-B8F3-00276017CE2A}.MonoDebug|x86.ActiveCfg = Debug|Any CPU
		{1E4A7EFF-7CF8-44BB-B8F3-00276017CE2A}.MonoRelease|Any CPU.ActiveCfg = Release|Any CPU
		{1E4A7EFF-7CF8-44BB-B8F3-00276017CE2A}.MonoRelease|Any CPU.Build.0 = Release|Any CPU
		{1E4A7EFF-7CF8-44BB-B8F3-00276017CE2A}.MonoRelease|Mixed Platforms.ActiveCfg = Release|Any CPU
		{1E4A7EFF-7CF8-44BB-B8F3-00276017CE2A}.MonoRelease|Mixed Platforms.Build.0 = Release|Any CPU
		{1E4A7EFF-7CF8-44BB-B8F3-00276017CE2A}.MonoRelease|x86.ActiveCfg = Release|Any CPU
		{1E4A7EFF-7CF8-44BB-B8F3-00276017CE2A}.Release|Any CPU.ActiveCfg = Release|Any CPU
		{1E4A7EFF-7CF8-44BB-B8F3-00276017CE2A}.Release|Any CPU.Build.0 = Release|Any CPU
		{1E4A7EFF-7CF8-44BB-B8F3-00276017CE2A}.Release|Mixed Platforms.ActiveCfg = Release|Any CPU
		{1E4A7EFF-7CF8-44BB-B8F3-00276017CE2A}.Release|Mixed Platforms.Build.0 = Release|Any CPU
		{1E4A7EFF-7CF8-44BB-B8F3-00276017CE2A}.Release|x86.ActiveCfg = Release|Any CPU
		{7AF70258-B585-4AD2-B70B-A879AC023CC2}.Debug|Any CPU.ActiveCfg = Debug|Any CPU
		{7AF70258-B585-4AD2-B70B-A879AC023CC2}.Debug|Any CPU.Build.0 = Debug|Any CPU
		{7AF70258-B585-4AD2-B70B-A879AC023CC2}.Debug|Mixed Platforms.ActiveCfg = Debug|Any CPU
		{7AF70258-B585-4AD2-B70B-A879AC023CC2}.Debug|Mixed Platforms.Build.0 = Debug|Any CPU
		{7AF70258-B585-4AD2-B70B-A879AC023CC2}.Debug|x86.ActiveCfg = Debug|Any CPU
		{7AF70258-B585-4AD2-B70B-A879AC023CC2}.MonoDebug|Any CPU.ActiveCfg = Debug|Any CPU
		{7AF70258-B585-4AD2-B70B-A879AC023CC2}.MonoDebug|Any CPU.Build.0 = Debug|Any CPU
		{7AF70258-B585-4AD2-B70B-A879AC023CC2}.MonoDebug|Mixed Platforms.ActiveCfg = Debug|Any CPU
		{7AF70258-B585-4AD2-B70B-A879AC023CC2}.MonoDebug|Mixed Platforms.Build.0 = Debug|Any CPU
		{7AF70258-B585-4AD2-B70B-A879AC023CC2}.MonoDebug|x86.ActiveCfg = Debug|Any CPU
		{7AF70258-B585-4AD2-B70B-A879AC023CC2}.MonoRelease|Any CPU.ActiveCfg = Release|Any CPU
		{7AF70258-B585-4AD2-B70B-A879AC023CC2}.MonoRelease|Any CPU.Build.0 = Release|Any CPU
		{7AF70258-B585-4AD2-B70B-A879AC023CC2}.MonoRelease|Mixed Platforms.ActiveCfg = Release|Any CPU
		{7AF70258-B585-4AD2-B70B-A879AC023CC2}.MonoRelease|Mixed Platforms.Build.0 = Release|Any CPU
		{7AF70258-B585-4AD2-B70B-A879AC023CC2}.MonoRelease|x86.ActiveCfg = Release|Any CPU
		{7AF70258-B585-4AD2-B70B-A879AC023CC2}.Release|Any CPU.ActiveCfg = Release|Any CPU
		{7AF70258-B585-4AD2-B70B-A879AC023CC2}.Release|Any CPU.Build.0 = Release|Any CPU
		{7AF70258-B585-4AD2-B70B-A879AC023CC2}.Release|Mixed Platforms.ActiveCfg = Release|Any CPU
		{7AF70258-B585-4AD2-B70B-A879AC023CC2}.Release|Mixed Platforms.Build.0 = Release|Any CPU
		{7AF70258-B585-4AD2-B70B-A879AC023CC2}.Release|x86.ActiveCfg = Release|Any CPU
		{15A0F982-A52F-45D3-83AC-76A8202FF5DF}.Debug|Any CPU.ActiveCfg = Debug|Any CPU
		{15A0F982-A52F-45D3-83AC-76A8202FF5DF}.Debug|Any CPU.Build.0 = Debug|Any CPU
		{15A0F982-A52F-45D3-83AC-76A8202FF5DF}.Debug|Mixed Platforms.ActiveCfg = Debug|Any CPU
		{15A0F982-A52F-45D3-83AC-76A8202FF5DF}.Debug|Mixed Platforms.Build.0 = Debug|Any CPU
		{15A0F982-A52F-45D3-83AC-76A8202FF5DF}.Debug|x86.ActiveCfg = Debug|Any CPU
		{15A0F982-A52F-45D3-83AC-76A8202FF5DF}.MonoDebug|Any CPU.ActiveCfg = Debug|Any CPU
		{15A0F982-A52F-45D3-83AC-76A8202FF5DF}.MonoDebug|Any CPU.Build.0 = Debug|Any CPU
		{15A0F982-A52F-45D3-83AC-76A8202FF5DF}.MonoDebug|Mixed Platforms.ActiveCfg = Debug|Any CPU
		{15A0F982-A52F-45D3-83AC-76A8202FF5DF}.MonoDebug|Mixed Platforms.Build.0 = Debug|Any CPU
		{15A0F982-A52F-45D3-83AC-76A8202FF5DF}.MonoDebug|x86.ActiveCfg = Debug|Any CPU
		{15A0F982-A52F-45D3-83AC-76A8202FF5DF}.MonoRelease|Any CPU.ActiveCfg = Release|Any CPU
		{15A0F982-A52F-45D3-83AC-76A8202FF5DF}.MonoRelease|Any CPU.Build.0 = Release|Any CPU
		{15A0F982-A52F-45D3-83AC-76A8202FF5DF}.MonoRelease|Mixed Platforms.ActiveCfg = Release|Any CPU
		{15A0F982-A52F-45D3-83AC-76A8202FF5DF}.MonoRelease|Mixed Platforms.Build.0 = Release|Any CPU
		{15A0F982-A52F-45D3-83AC-76A8202FF5DF}.MonoRelease|x86.ActiveCfg = Release|Any CPU
		{15A0F982-A52F-45D3-83AC-76A8202FF5DF}.Release|Any CPU.ActiveCfg = Release|Any CPU
		{15A0F982-A52F-45D3-83AC-76A8202FF5DF}.Release|Any CPU.Build.0 = Release|Any CPU
		{15A0F982-A52F-45D3-83AC-76A8202FF5DF}.Release|Mixed Platforms.ActiveCfg = Release|Any CPU
		{15A0F982-A52F-45D3-83AC-76A8202FF5DF}.Release|Mixed Platforms.Build.0 = Release|Any CPU
		{15A0F982-A52F-45D3-83AC-76A8202FF5DF}.Release|x86.ActiveCfg = Release|Any CPU
		{28D9ED5D-601F-4EBE-BA38-80A654661FE2}.Debug|Any CPU.ActiveCfg = Debug|Any CPU
		{28D9ED5D-601F-4EBE-BA38-80A654661FE2}.Debug|Any CPU.Build.0 = Debug|Any CPU
		{28D9ED5D-601F-4EBE-BA38-80A654661FE2}.Debug|Mixed Platforms.ActiveCfg = Debug|Any CPU
		{28D9ED5D-601F-4EBE-BA38-80A654661FE2}.Debug|Mixed Platforms.Build.0 = Debug|Any CPU
		{28D9ED5D-601F-4EBE-BA38-80A654661FE2}.Debug|x86.ActiveCfg = Debug|Any CPU
		{28D9ED5D-601F-4EBE-BA38-80A654661FE2}.MonoDebug|Any CPU.ActiveCfg = Debug|Any CPU
		{28D9ED5D-601F-4EBE-BA38-80A654661FE2}.MonoDebug|Any CPU.Build.0 = Debug|Any CPU
		{28D9ED5D-601F-4EBE-BA38-80A654661FE2}.MonoDebug|Mixed Platforms.ActiveCfg = Debug|Any CPU
		{28D9ED5D-601F-4EBE-BA38-80A654661FE2}.MonoDebug|Mixed Platforms.Build.0 = Debug|Any CPU
		{28D9ED5D-601F-4EBE-BA38-80A654661FE2}.MonoDebug|x86.ActiveCfg = Debug|Any CPU
		{28D9ED5D-601F-4EBE-BA38-80A654661FE2}.MonoRelease|Any CPU.ActiveCfg = Release|Any CPU
		{28D9ED5D-601F-4EBE-BA38-80A654661FE2}.MonoRelease|Any CPU.Build.0 = Release|Any CPU
		{28D9ED5D-601F-4EBE-BA38-80A654661FE2}.MonoRelease|Mixed Platforms.ActiveCfg = Release|Any CPU
		{28D9ED5D-601F-4EBE-BA38-80A654661FE2}.MonoRelease|Mixed Platforms.Build.0 = Release|Any CPU
		{28D9ED5D-601F-4EBE-BA38-80A654661FE2}.MonoRelease|x86.ActiveCfg = Release|Any CPU
		{28D9ED5D-601F-4EBE-BA38-80A654661FE2}.Release|Any CPU.ActiveCfg = Release|Any CPU
		{28D9ED5D-601F-4EBE-BA38-80A654661FE2}.Release|Any CPU.Build.0 = Release|Any CPU
		{28D9ED5D-601F-4EBE-BA38-80A654661FE2}.Release|Mixed Platforms.ActiveCfg = Release|Any CPU
		{28D9ED5D-601F-4EBE-BA38-80A654661FE2}.Release|Mixed Platforms.Build.0 = Release|Any CPU
		{28D9ED5D-601F-4EBE-BA38-80A654661FE2}.Release|x86.ActiveCfg = Release|Any CPU
		{E859393F-BFFF-48E3-A0F0-FE3387171CE9}.Debug|Any CPU.ActiveCfg = Debug|Any CPU
		{E859393F-BFFF-48E3-A0F0-FE3387171CE9}.Debug|Any CPU.Build.0 = Debug|Any CPU
		{E859393F-BFFF-48E3-A0F0-FE3387171CE9}.Debug|Mixed Platforms.ActiveCfg = Debug|Any CPU
		{E859393F-BFFF-48E3-A0F0-FE3387171CE9}.Debug|Mixed Platforms.Build.0 = Debug|Any CPU
		{E859393F-BFFF-48E3-A0F0-FE3387171CE9}.Debug|x86.ActiveCfg = Debug|Any CPU
		{E859393F-BFFF-48E3-A0F0-FE3387171CE9}.MonoDebug|Any CPU.ActiveCfg = Debug|Any CPU
		{E859393F-BFFF-48E3-A0F0-FE3387171CE9}.MonoDebug|Any CPU.Build.0 = Debug|Any CPU
		{E859393F-BFFF-48E3-A0F0-FE3387171CE9}.MonoDebug|Mixed Platforms.ActiveCfg = Debug|Any CPU
		{E859393F-BFFF-48E3-A0F0-FE3387171CE9}.MonoDebug|Mixed Platforms.Build.0 = Debug|Any CPU
		{E859393F-BFFF-48E3-A0F0-FE3387171CE9}.MonoDebug|x86.ActiveCfg = Debug|Any CPU
		{E859393F-BFFF-48E3-A0F0-FE3387171CE9}.MonoRelease|Any CPU.ActiveCfg = Release|Any CPU
		{E859393F-BFFF-48E3-A0F0-FE3387171CE9}.MonoRelease|Any CPU.Build.0 = Release|Any CPU
		{E859393F-BFFF-48E3-A0F0-FE3387171CE9}.MonoRelease|Mixed Platforms.ActiveCfg = Release|Any CPU
		{E859393F-BFFF-48E3-A0F0-FE3387171CE9}.MonoRelease|Mixed Platforms.Build.0 = Release|Any CPU
		{E859393F-BFFF-48E3-A0F0-FE3387171CE9}.MonoRelease|x86.ActiveCfg = Release|Any CPU
		{E859393F-BFFF-48E3-A0F0-FE3387171CE9}.Release|Any CPU.ActiveCfg = Release|Any CPU
		{E859393F-BFFF-48E3-A0F0-FE3387171CE9}.Release|Any CPU.Build.0 = Release|Any CPU
		{E859393F-BFFF-48E3-A0F0-FE3387171CE9}.Release|Mixed Platforms.ActiveCfg = Release|Any CPU
		{E859393F-BFFF-48E3-A0F0-FE3387171CE9}.Release|Mixed Platforms.Build.0 = Release|Any CPU
		{E859393F-BFFF-48E3-A0F0-FE3387171CE9}.Release|x86.ActiveCfg = Release|Any CPU
		{FF0D6BED-5FA9-4176-986F-5678DBDC8C5E}.Debug|Any CPU.ActiveCfg = Debug|Any CPU
		{FF0D6BED-5FA9-4176-986F-5678DBDC8C5E}.Debug|Any CPU.Build.0 = Debug|Any CPU
		{FF0D6BED-5FA9-4176-986F-5678DBDC8C5E}.Debug|Mixed Platforms.ActiveCfg = Debug|Any CPU
		{FF0D6BED-5FA9-4176-986F-5678DBDC8C5E}.Debug|Mixed Platforms.Build.0 = Debug|Any CPU
		{FF0D6BED-5FA9-4176-986F-5678DBDC8C5E}.Debug|x86.ActiveCfg = Debug|Any CPU
		{FF0D6BED-5FA9-4176-986F-5678DBDC8C5E}.MonoDebug|Any CPU.ActiveCfg = Debug|Any CPU
		{FF0D6BED-5FA9-4176-986F-5678DBDC8C5E}.MonoDebug|Any CPU.Build.0 = Debug|Any CPU
		{FF0D6BED-5FA9-4176-986F-5678DBDC8C5E}.MonoDebug|Mixed Platforms.ActiveCfg = Debug|Any CPU
		{FF0D6BED-5FA9-4176-986F-5678DBDC8C5E}.MonoDebug|Mixed Platforms.Build.0 = Debug|Any CPU
		{FF0D6BED-5FA9-4176-986F-5678DBDC8C5E}.MonoDebug|x86.ActiveCfg = Debug|Any CPU
		{FF0D6BED-5FA9-4176-986F-5678DBDC8C5E}.MonoRelease|Any CPU.ActiveCfg = Release|Any CPU
		{FF0D6BED-5FA9-4176-986F-5678DBDC8C5E}.MonoRelease|Any CPU.Build.0 = Release|Any CPU
		{FF0D6BED-5FA9-4176-986F-5678DBDC8C5E}.MonoRelease|Mixed Platforms.ActiveCfg = Release|Any CPU
		{FF0D6BED-5FA9-4176-986F-5678DBDC8C5E}.MonoRelease|Mixed Platforms.Build.0 = Release|Any CPU
		{FF0D6BED-5FA9-4176-986F-5678DBDC8C5E}.MonoRelease|x86.ActiveCfg = Release|Any CPU
		{FF0D6BED-5FA9-4176-986F-5678DBDC8C5E}.Release|Any CPU.ActiveCfg = Release|Any CPU
		{FF0D6BED-5FA9-4176-986F-5678DBDC8C5E}.Release|Any CPU.Build.0 = Release|Any CPU
		{FF0D6BED-5FA9-4176-986F-5678DBDC8C5E}.Release|Mixed Platforms.ActiveCfg = Release|Any CPU
		{FF0D6BED-5FA9-4176-986F-5678DBDC8C5E}.Release|Mixed Platforms.Build.0 = Release|Any CPU
		{FF0D6BED-5FA9-4176-986F-5678DBDC8C5E}.Release|x86.ActiveCfg = Release|Any CPU
		{F34F5B40-2B38-41D7-A7B2-935D7D0E9D7B}.Debug|Any CPU.ActiveCfg = Debug|Any CPU
		{F34F5B40-2B38-41D7-A7B2-935D7D0E9D7B}.Debug|Any CPU.Build.0 = Debug|Any CPU
		{F34F5B40-2B38-41D7-A7B2-935D7D0E9D7B}.Debug|Mixed Platforms.ActiveCfg = Debug|Any CPU
		{F34F5B40-2B38-41D7-A7B2-935D7D0E9D7B}.Debug|Mixed Platforms.Build.0 = Debug|Any CPU
		{F34F5B40-2B38-41D7-A7B2-935D7D0E9D7B}.Debug|x86.ActiveCfg = Debug|Any CPU
		{F34F5B40-2B38-41D7-A7B2-935D7D0E9D7B}.MonoDebug|Any CPU.ActiveCfg = Debug|Any CPU
		{F34F5B40-2B38-41D7-A7B2-935D7D0E9D7B}.MonoDebug|Any CPU.Build.0 = Debug|Any CPU
		{F34F5B40-2B38-41D7-A7B2-935D7D0E9D7B}.MonoDebug|Mixed Platforms.ActiveCfg = Debug|Any CPU
		{F34F5B40-2B38-41D7-A7B2-935D7D0E9D7B}.MonoDebug|Mixed Platforms.Build.0 = Debug|Any CPU
		{F34F5B40-2B38-41D7-A7B2-935D7D0E9D7B}.MonoDebug|x86.ActiveCfg = Debug|Any CPU
		{F34F5B40-2B38-41D7-A7B2-935D7D0E9D7B}.MonoRelease|Any CPU.ActiveCfg = Release|Any CPU
		{F34F5B40-2B38-41D7-A7B2-935D7D0E9D7B}.MonoRelease|Any CPU.Build.0 = Release|Any CPU
		{F34F5B40-2B38-41D7-A7B2-935D7D0E9D7B}.MonoRelease|Mixed Platforms.ActiveCfg = Release|Any CPU
		{F34F5B40-2B38-41D7-A7B2-935D7D0E9D7B}.MonoRelease|Mixed Platforms.Build.0 = Release|Any CPU
		{F34F5B40-2B38-41D7-A7B2-935D7D0E9D7B}.MonoRelease|x86.ActiveCfg = Release|Any CPU
		{F34F5B40-2B38-41D7-A7B2-935D7D0E9D7B}.Release|Any CPU.ActiveCfg = Release|Any CPU
		{F34F5B40-2B38-41D7-A7B2-935D7D0E9D7B}.Release|Any CPU.Build.0 = Release|Any CPU
		{F34F5B40-2B38-41D7-A7B2-935D7D0E9D7B}.Release|Mixed Platforms.ActiveCfg = Release|Any CPU
		{F34F5B40-2B38-41D7-A7B2-935D7D0E9D7B}.Release|Mixed Platforms.Build.0 = Release|Any CPU
		{F34F5B40-2B38-41D7-A7B2-935D7D0E9D7B}.Release|x86.ActiveCfg = Release|Any CPU
		{2EBDFB0C-0A6E-4EF9-9D3F-6F23FC597BB0}.Debug|Any CPU.ActiveCfg = Debug|Any CPU
		{2EBDFB0C-0A6E-4EF9-9D3F-6F23FC597BB0}.Debug|Any CPU.Build.0 = Debug|Any CPU
		{2EBDFB0C-0A6E-4EF9-9D3F-6F23FC597BB0}.Debug|Mixed Platforms.ActiveCfg = Debug|Any CPU
		{2EBDFB0C-0A6E-4EF9-9D3F-6F23FC597BB0}.Debug|Mixed Platforms.Build.0 = Debug|Any CPU
		{2EBDFB0C-0A6E-4EF9-9D3F-6F23FC597BB0}.Debug|x86.ActiveCfg = Debug|Any CPU
		{2EBDFB0C-0A6E-4EF9-9D3F-6F23FC597BB0}.MonoDebug|Any CPU.ActiveCfg = Debug|Any CPU
		{2EBDFB0C-0A6E-4EF9-9D3F-6F23FC597BB0}.MonoDebug|Any CPU.Build.0 = Debug|Any CPU
		{2EBDFB0C-0A6E-4EF9-9D3F-6F23FC597BB0}.MonoDebug|Mixed Platforms.ActiveCfg = Debug|Any CPU
		{2EBDFB0C-0A6E-4EF9-9D3F-6F23FC597BB0}.MonoDebug|Mixed Platforms.Build.0 = Debug|Any CPU
		{2EBDFB0C-0A6E-4EF9-9D3F-6F23FC597BB0}.MonoDebug|x86.ActiveCfg = Debug|Any CPU
		{2EBDFB0C-0A6E-4EF9-9D3F-6F23FC597BB0}.MonoRelease|Any CPU.ActiveCfg = Debug|Any CPU
		{2EBDFB0C-0A6E-4EF9-9D3F-6F23FC597BB0}.MonoRelease|Any CPU.Build.0 = Debug|Any CPU
		{2EBDFB0C-0A6E-4EF9-9D3F-6F23FC597BB0}.MonoRelease|Mixed Platforms.ActiveCfg = Debug|Any CPU
		{2EBDFB0C-0A6E-4EF9-9D3F-6F23FC597BB0}.MonoRelease|Mixed Platforms.Build.0 = Debug|Any CPU
		{2EBDFB0C-0A6E-4EF9-9D3F-6F23FC597BB0}.MonoRelease|x86.ActiveCfg = Debug|Any CPU
		{2EBDFB0C-0A6E-4EF9-9D3F-6F23FC597BB0}.Release|Any CPU.ActiveCfg = Debug|Any CPU
		{2EBDFB0C-0A6E-4EF9-9D3F-6F23FC597BB0}.Release|Any CPU.Build.0 = Debug|Any CPU
		{2EBDFB0C-0A6E-4EF9-9D3F-6F23FC597BB0}.Release|Mixed Platforms.ActiveCfg = Debug|Any CPU
		{2EBDFB0C-0A6E-4EF9-9D3F-6F23FC597BB0}.Release|Mixed Platforms.Build.0 = Debug|Any CPU
		{2EBDFB0C-0A6E-4EF9-9D3F-6F23FC597BB0}.Release|x86.ActiveCfg = Debug|Any CPU
		{9DED66C6-7B3F-4F72-9C8B-E07FC61871F7}.Debug|Any CPU.ActiveCfg = Debug|Any CPU
		{9DED66C6-7B3F-4F72-9C8B-E07FC61871F7}.Debug|Any CPU.Build.0 = Debug|Any CPU
		{9DED66C6-7B3F-4F72-9C8B-E07FC61871F7}.Debug|Mixed Platforms.ActiveCfg = Debug|Any CPU
		{9DED66C6-7B3F-4F72-9C8B-E07FC61871F7}.Debug|Mixed Platforms.Build.0 = Debug|Any CPU
		{9DED66C6-7B3F-4F72-9C8B-E07FC61871F7}.Debug|x86.ActiveCfg = Debug|Any CPU
		{9DED66C6-7B3F-4F72-9C8B-E07FC61871F7}.MonoDebug|Any CPU.ActiveCfg = Debug|Any CPU
		{9DED66C6-7B3F-4F72-9C8B-E07FC61871F7}.MonoDebug|Any CPU.Build.0 = Debug|Any CPU
		{9DED66C6-7B3F-4F72-9C8B-E07FC61871F7}.MonoDebug|Mixed Platforms.ActiveCfg = Debug|Any CPU
		{9DED66C6-7B3F-4F72-9C8B-E07FC61871F7}.MonoDebug|Mixed Platforms.Build.0 = Debug|Any CPU
		{9DED66C6-7B3F-4F72-9C8B-E07FC61871F7}.MonoDebug|x86.ActiveCfg = Debug|Any CPU
		{9DED66C6-7B3F-4F72-9C8B-E07FC61871F7}.MonoRelease|Any CPU.ActiveCfg = Debug|Any CPU
		{9DED66C6-7B3F-4F72-9C8B-E07FC61871F7}.MonoRelease|Any CPU.Build.0 = Debug|Any CPU
		{9DED66C6-7B3F-4F72-9C8B-E07FC61871F7}.MonoRelease|Mixed Platforms.ActiveCfg = Debug|Any CPU
		{9DED66C6-7B3F-4F72-9C8B-E07FC61871F7}.MonoRelease|Mixed Platforms.Build.0 = Debug|Any CPU
		{9DED66C6-7B3F-4F72-9C8B-E07FC61871F7}.MonoRelease|x86.ActiveCfg = Debug|Any CPU
		{9DED66C6-7B3F-4F72-9C8B-E07FC61871F7}.Release|Any CPU.ActiveCfg = Debug|Any CPU
		{9DED66C6-7B3F-4F72-9C8B-E07FC61871F7}.Release|Any CPU.Build.0 = Debug|Any CPU
		{9DED66C6-7B3F-4F72-9C8B-E07FC61871F7}.Release|Mixed Platforms.ActiveCfg = Debug|Any CPU
		{9DED66C6-7B3F-4F72-9C8B-E07FC61871F7}.Release|Mixed Platforms.Build.0 = Debug|Any CPU
		{9DED66C6-7B3F-4F72-9C8B-E07FC61871F7}.Release|x86.ActiveCfg = Debug|Any CPU
		{7D308D73-5878-41CD-BA98-BAFAA1F7C083}.Debug|Any CPU.ActiveCfg = Debug|Any CPU
		{7D308D73-5878-41CD-BA98-BAFAA1F7C083}.Debug|Any CPU.Build.0 = Debug|Any CPU
		{7D308D73-5878-41CD-BA98-BAFAA1F7C083}.Debug|Mixed Platforms.ActiveCfg = Debug|Any CPU
		{7D308D73-5878-41CD-BA98-BAFAA1F7C083}.Debug|Mixed Platforms.Build.0 = Debug|Any CPU
		{7D308D73-5878-41CD-BA98-BAFAA1F7C083}.Debug|x86.ActiveCfg = Debug|Any CPU
		{7D308D73-5878-41CD-BA98-BAFAA1F7C083}.MonoDebug|Any CPU.ActiveCfg = Debug|Any CPU
		{7D308D73-5878-41CD-BA98-BAFAA1F7C083}.MonoDebug|Any CPU.Build.0 = Debug|Any CPU
		{7D308D73-5878-41CD-BA98-BAFAA1F7C083}.MonoDebug|Mixed Platforms.ActiveCfg = Debug|Any CPU
		{7D308D73-5878-41CD-BA98-BAFAA1F7C083}.MonoDebug|Mixed Platforms.Build.0 = Debug|Any CPU
		{7D308D73-5878-41CD-BA98-BAFAA1F7C083}.MonoDebug|x86.ActiveCfg = Debug|Any CPU
		{7D308D73-5878-41CD-BA98-BAFAA1F7C083}.MonoRelease|Any CPU.ActiveCfg = Release|Any CPU
		{7D308D73-5878-41CD-BA98-BAFAA1F7C083}.MonoRelease|Any CPU.Build.0 = Release|Any CPU
		{7D308D73-5878-41CD-BA98-BAFAA1F7C083}.MonoRelease|Mixed Platforms.ActiveCfg = Release|Any CPU
		{7D308D73-5878-41CD-BA98-BAFAA1F7C083}.MonoRelease|Mixed Platforms.Build.0 = Release|Any CPU
		{7D308D73-5878-41CD-BA98-BAFAA1F7C083}.MonoRelease|x86.ActiveCfg = Release|Any CPU
		{7D308D73-5878-41CD-BA98-BAFAA1F7C083}.Release|Any CPU.ActiveCfg = Release|Any CPU
		{7D308D73-5878-41CD-BA98-BAFAA1F7C083}.Release|Any CPU.Build.0 = Release|Any CPU
		{7D308D73-5878-41CD-BA98-BAFAA1F7C083}.Release|Mixed Platforms.ActiveCfg = Release|Any CPU
		{7D308D73-5878-41CD-BA98-BAFAA1F7C083}.Release|Mixed Platforms.Build.0 = Release|Any CPU
		{7D308D73-5878-41CD-BA98-BAFAA1F7C083}.Release|x86.ActiveCfg = Release|Any CPU
		{442958C2-D262-47FA-922F-D50A36C89D49}.Debug|Any CPU.ActiveCfg = Debug|Any CPU
		{442958C2-D262-47FA-922F-D50A36C89D49}.Debug|Any CPU.Build.0 = Debug|Any CPU
		{442958C2-D262-47FA-922F-D50A36C89D49}.Debug|Mixed Platforms.ActiveCfg = Debug|Any CPU
		{442958C2-D262-47FA-922F-D50A36C89D49}.Debug|Mixed Platforms.Build.0 = Debug|Any CPU
		{442958C2-D262-47FA-922F-D50A36C89D49}.Debug|x86.ActiveCfg = Debug|Any CPU
		{442958C2-D262-47FA-922F-D50A36C89D49}.MonoDebug|Any CPU.ActiveCfg = Debug|Any CPU
		{442958C2-D262-47FA-922F-D50A36C89D49}.MonoDebug|Any CPU.Build.0 = Debug|Any CPU
		{442958C2-D262-47FA-922F-D50A36C89D49}.MonoDebug|Mixed Platforms.ActiveCfg = Debug|Any CPU
		{442958C2-D262-47FA-922F-D50A36C89D49}.MonoDebug|Mixed Platforms.Build.0 = Debug|Any CPU
		{442958C2-D262-47FA-922F-D50A36C89D49}.MonoDebug|x86.ActiveCfg = Debug|Any CPU
		{442958C2-D262-47FA-922F-D50A36C89D49}.MonoRelease|Any CPU.ActiveCfg = Release|Any CPU
		{442958C2-D262-47FA-922F-D50A36C89D49}.MonoRelease|Any CPU.Build.0 = Release|Any CPU
		{442958C2-D262-47FA-922F-D50A36C89D49}.MonoRelease|Mixed Platforms.ActiveCfg = Release|Any CPU
		{442958C2-D262-47FA-922F-D50A36C89D49}.MonoRelease|Mixed Platforms.Build.0 = Release|Any CPU
		{442958C2-D262-47FA-922F-D50A36C89D49}.MonoRelease|x86.ActiveCfg = Release|Any CPU
		{442958C2-D262-47FA-922F-D50A36C89D49}.Release|Any CPU.ActiveCfg = Release|Any CPU
		{442958C2-D262-47FA-922F-D50A36C89D49}.Release|Any CPU.Build.0 = Release|Any CPU
		{442958C2-D262-47FA-922F-D50A36C89D49}.Release|Mixed Platforms.ActiveCfg = Release|Any CPU
		{442958C2-D262-47FA-922F-D50A36C89D49}.Release|Mixed Platforms.Build.0 = Release|Any CPU
		{442958C2-D262-47FA-922F-D50A36C89D49}.Release|x86.ActiveCfg = Release|Any CPU
		{5A5660E4-83A7-4542-816A-C30FF3CC1F4C}.Debug|Any CPU.ActiveCfg = Debug|Any CPU
		{5A5660E4-83A7-4542-816A-C30FF3CC1F4C}.Debug|Any CPU.Build.0 = Debug|Any CPU
		{5A5660E4-83A7-4542-816A-C30FF3CC1F4C}.Debug|Mixed Platforms.ActiveCfg = Debug|Any CPU
		{5A5660E4-83A7-4542-816A-C30FF3CC1F4C}.Debug|Mixed Platforms.Build.0 = Debug|Any CPU
		{5A5660E4-83A7-4542-816A-C30FF3CC1F4C}.Debug|x86.ActiveCfg = Debug|Any CPU
		{5A5660E4-83A7-4542-816A-C30FF3CC1F4C}.MonoDebug|Any CPU.ActiveCfg = Debug|Any CPU
		{5A5660E4-83A7-4542-816A-C30FF3CC1F4C}.MonoDebug|Any CPU.Build.0 = Debug|Any CPU
		{5A5660E4-83A7-4542-816A-C30FF3CC1F4C}.MonoDebug|Mixed Platforms.ActiveCfg = Debug|Any CPU
		{5A5660E4-83A7-4542-816A-C30FF3CC1F4C}.MonoDebug|Mixed Platforms.Build.0 = Debug|Any CPU
		{5A5660E4-83A7-4542-816A-C30FF3CC1F4C}.MonoDebug|x86.ActiveCfg = Debug|Any CPU
		{5A5660E4-83A7-4542-816A-C30FF3CC1F4C}.MonoRelease|Any CPU.ActiveCfg = Release|Any CPU
		{5A5660E4-83A7-4542-816A-C30FF3CC1F4C}.MonoRelease|Any CPU.Build.0 = Release|Any CPU
		{5A5660E4-83A7-4542-816A-C30FF3CC1F4C}.MonoRelease|Mixed Platforms.ActiveCfg = Release|Any CPU
		{5A5660E4-83A7-4542-816A-C30FF3CC1F4C}.MonoRelease|Mixed Platforms.Build.0 = Release|Any CPU
		{5A5660E4-83A7-4542-816A-C30FF3CC1F4C}.MonoRelease|x86.ActiveCfg = Release|Any CPU
		{5A5660E4-83A7-4542-816A-C30FF3CC1F4C}.Release|Any CPU.ActiveCfg = Release|Any CPU
		{5A5660E4-83A7-4542-816A-C30FF3CC1F4C}.Release|Any CPU.Build.0 = Release|Any CPU
		{5A5660E4-83A7-4542-816A-C30FF3CC1F4C}.Release|Mixed Platforms.ActiveCfg = Release|Any CPU
		{5A5660E4-83A7-4542-816A-C30FF3CC1F4C}.Release|Mixed Platforms.Build.0 = Release|Any CPU
		{5A5660E4-83A7-4542-816A-C30FF3CC1F4C}.Release|x86.ActiveCfg = Release|Any CPU
	EndGlobalSection
	GlobalSection(SolutionProperties) = preSolution
		HideSolutionNode = FALSE
	EndGlobalSection
	GlobalSection(NestedProjects) = preSolution
		{A0F1ED5B-1B95-4967-B843-39C0F1FFD1EA} = {CA3A4373-F14D-41D0-A20D-4494B3CA1249}
		{D4E02357-415E-4DF4-BAAC-8C68786AFC62} = {CA3A4373-F14D-41D0-A20D-4494B3CA1249}
	EndGlobalSection
EndGlobal
