
Microsoft Visual Studio Solution File, Format Version 12.00
# Visual Studio 2013
VisualStudioVersion = 12.0.21005.1
MinimumVisualStudioVersion = 10.0.40219.1
Project("{FAE04EC0-301F-11D3-BF4B-00C04F79EFBC}") = "Chanjet.TP.Core", "Chanjet.TP.Core\Chanjet.TP.Core.csproj", "{75548254-F975-4B11-8E18-FCB85F6092C1}"
EndProject
Project("{FAE04EC0-301F-11D3-BF4B-00C04F79EFBC}") = "Chanjet.TP.Core.Tests", "Chanjet.TP.Core.Tests\Chanjet.TP.Core.Tests.csproj", "{D4E02357-415E-4DF4-BAAC-8C68786AFC62}"
EndProject
Project("{FAE04EC0-301F-11D3-BF4B-00C04F79EFBC}") = "TestConsole", "TestConsole\TestConsole.csproj", "{A0F1ED5B-1B95-4967-B843-39C0F1FFD1EA}"
EndProject
Project("{FAE04EC0-301F-11D3-BF4B-00C04F79EFBC}") = "SelftHostTest", "SelftHostTest\SelftHostTest.csproj", "{B8727B38-15ED-4BF3-B809-004D444ADEEC}"
EndProject
Project("{FAE04EC0-301F-11D3-BF4B-00C04F79EFBC}") = "Ufida.T.EAP.AppCrypto.Service", "..\..\..\..\..\Views\11.51\UAP_VOB\UAP_Comp\src\Core\Ufida.T.EAP.AppCrypto.Service\Ufida.T.EAP.AppCrypto.Service.csproj", "{51B0F81E-542D-459E-9425-9A195043A654}"
EndProject
Project("{FAE04EC0-301F-11D3-BF4B-00C04F79EFBC}") = "Ufida.T.EAP.AppCrypto.Interface", "..\..\..\..\..\Views\11.51\UAP_VOB\UAP_Comp\src\Core\Ufida.T.EAP.AppCrypto.Interface\Ufida.T.EAP.AppCrypto.Interface.csproj", "{DFFA09CF-15A8-40F9-BB61-B55C226E97B7}"
EndProject
Project("{FAE04EC0-301F-11D3-BF4B-00C04F79EFBC}") = "Chanjet.TP.ServiceHosting", "Chanjet.TP.ServiceHosting\Chanjet.TP.ServiceHosting.csproj", "{1E4A7EFF-7CF8-44BB-B8F3-00276017CE2A}"
EndProject
Project("{FAE04EC0-301F-11D3-BF4B-00C04F79EFBC}") = "Nancy", "..\..\..\..\demo\Nancy\src\Nancy\Nancy.csproj", "{34576216-0DCA-4B0F-A0DC-9075E75A676F}"
EndProject
Project("{2150E333-8FDC-42A3-9474-1A3956D46DE8}") = "NancyFx", "NancyFx", "{D11B9CCB-ECFB-44EE-A1BD-D417B22E92AF}"
EndProject
Project("{FAE04EC0-301F-11D3-BF4B-00C04F79EFBC}") = "Nancy.Hosting.Self", "..\..\..\..\demo\Nancy\src\Nancy.Hosting.Self\Nancy.Hosting.Self.csproj", "{AA7F66EB-EC2C-47DE-855F-30B3E6EF2134}"
EndProject
Project("{FAE04EC0-301F-11D3-BF4B-00C04F79EFBC}") = "Chanjet.TP.Data", "Chanjet.TP.Data\Chanjet.TP.Data.csproj", "{7AF70258-B585-4AD2-B70B-A879AC023CC2}"
EndProject
Project("{FAE04EC0-301F-11D3-BF4B-00C04F79EFBC}") = "Chanjet.TP.SystemManager.Data", "Chanjet.TP.Data.SystemManager\Chanjet.TP.SystemManager.Data.csproj", "{15A0F982-A52F-45D3-83AC-76A8202FF5DF}"
EndProject
Project("{2150E333-8FDC-42A3-9474-1A3956D46DE8}") = "Tests", "Tests", "{CA3A4373-F14D-41D0-A20D-4494B3CA1249}"
EndProject
Project("{2150E333-8FDC-42A3-9474-1A3956D46DE8}") = "OldTpProjects", "OldTpProjects", "{41EF176A-D2B1-4555-935A-D1E6F32A15B4}"
EndProject
Project("{FAE04EC0-301F-11D3-BF4B-00C04F79EFBC}") = "Chanjet.TP.Authentication.Stateless", "Chanjet.TP.Authentication.Stateless\Chanjet.TP.Authentication.Stateless.csproj", "{28D9ED5D-601F-4EBE-BA38-80A654661FE2}"
EndProject
Project("{FAE04EC0-301F-11D3-BF4B-00C04F79EFBC}") = "Nancy.Demo.Authentication.Stateless", "..\..\..\..\demo\Nancy\src\Nancy.Demo.Authentication.Stateless\Nancy.Demo.Authentication.Stateless.csproj", "{BAE74CD5-57C2-40E3-8F7A-EDE5721C2ACC}"
EndProject
Global
	GlobalSection(SolutionConfigurationPlatforms) = preSolution
		Debug|Any CPU = Debug|Any CPU
		Debug|Mixed Platforms = Debug|Mixed Platforms
		Debug|x86 = Debug|x86
		MonoDebug|Any CPU = MonoDebug|Any CPU
		MonoDebug|Mixed Platforms = MonoDebug|Mixed Platforms
		MonoDebug|x86 = MonoDebug|x86
		MonoRelease|Any CPU = MonoRelease|Any CPU
		MonoRelease|Mixed Platforms = MonoRelease|Mixed Platforms
		MonoRelease|x86 = MonoRelease|x86
		Release|Any CPU = Release|Any CPU
		Release|Mixed Platforms = Release|Mixed Platforms
		Release|x86 = Release|x86
	EndGlobalSection
	GlobalSection(ProjectConfigurationPlatforms) = postSolution
		{75548254-F975-4B11-8E18-FCB85F6092C1}.Debug|Any CPU.ActiveCfg = Debug|Any CPU
		{75548254-F975-4B11-8E18-FCB85F6092C1}.Debug|Any CPU.Build.0 = Debug|Any CPU
		{75548254-F975-4B11-8E18-FCB85F6092C1}.Debug|Mixed Platforms.ActiveCfg = Debug|Any CPU
		{75548254-F975-4B11-8E18-FCB85F6092C1}.Debug|Mixed Platforms.Build.0 = Debug|Any CPU
		{75548254-F975-4B11-8E18-FCB85F6092C1}.Debug|x86.ActiveCfg = Debug|Any CPU
		{75548254-F975-4B11-8E18-FCB85F6092C1}.MonoDebug|Any CPU.ActiveCfg = Debug|Any CPU
		{75548254-F975-4B11-8E18-FCB85F6092C1}.MonoDebug|Any CPU.Build.0 = Debug|Any CPU
		{75548254-F975-4B11-8E18-FCB85F6092C1}.MonoDebug|Mixed Platforms.ActiveCfg = Debug|Any CPU
		{75548254-F975-4B11-8E18-FCB85F6092C1}.MonoDebug|Mixed Platforms.Build.0 = Debug|Any CPU
		{75548254-F975-4B11-8E18-FCB85F6092C1}.MonoDebug|x86.ActiveCfg = Debug|Any CPU
		{75548254-F975-4B11-8E18-FCB85F6092C1}.MonoRelease|Any CPU.ActiveCfg = Release|Any CPU
		{75548254-F975-4B11-8E18-FCB85F6092C1}.MonoRelease|Any CPU.Build.0 = Release|Any CPU
		{75548254-F975-4B11-8E18-FCB85F6092C1}.MonoRelease|Mixed Platforms.ActiveCfg = Release|Any CPU
		{75548254-F975-4B11-8E18-FCB85F6092C1}.MonoRelease|Mixed Platforms.Build.0 = Release|Any CPU
		{75548254-F975-4B11-8E18-FCB85F6092C1}.MonoRelease|x86.ActiveCfg = Release|Any CPU
		{75548254-F975-4B11-8E18-FCB85F6092C1}.Release|Any CPU.ActiveCfg = Release|Any CPU
		{75548254-F975-4B11-8E18-FCB85F6092C1}.Release|Any CPU.Build.0 = Release|Any CPU
		{75548254-F975-4B11-8E18-FCB85F6092C1}.Release|Mixed Platforms.ActiveCfg = Release|Any CPU
		{75548254-F975-4B11-8E18-FCB85F6092C1}.Release|Mixed Platforms.Build.0 = Release|Any CPU
		{75548254-F975-4B11-8E18-FCB85F6092C1}.Release|x86.ActiveCfg = Release|Any CPU
		{D4E02357-415E-4DF4-BAAC-8C68786AFC62}.Debug|Any CPU.ActiveCfg = Debug|Any CPU
		{D4E02357-415E-4DF4-BAAC-8C68786AFC62}.Debug|Any CPU.Build.0 = Debug|Any CPU
		{D4E02357-415E-4DF4-BAAC-8C68786AFC62}.Debug|Mixed Platforms.ActiveCfg = Debug|Any CPU
		{D4E02357-415E-4DF4-BAAC-8C68786AFC62}.Debug|Mixed Platforms.Build.0 = Debug|Any CPU
		{D4E02357-415E-4DF4-BAAC-8C68786AFC62}.Debug|x86.ActiveCfg = Debug|Any CPU
		{D4E02357-415E-4DF4-BAAC-8C68786AFC62}.MonoDebug|Any CPU.ActiveCfg = Debug|Any CPU
		{D4E02357-415E-4DF4-BAAC-8C68786AFC62}.MonoDebug|Any CPU.Build.0 = Debug|Any CPU
		{D4E02357-415E-4DF4-BAAC-8C68786AFC62}.MonoDebug|Mixed Platforms.ActiveCfg = Debug|Any CPU
		{D4E02357-415E-4DF4-BAAC-8C68786AFC62}.MonoDebug|Mixed Platforms.Build.0 = Debug|Any CPU
		{D4E02357-415E-4DF4-BAAC-8C68786AFC62}.MonoDebug|x86.ActiveCfg = Debug|Any CPU
		{D4E02357-415E-4DF4-BAAC-8C68786AFC62}.MonoRelease|Any CPU.ActiveCfg = Release|Any CPU
		{D4E02357-415E-4DF4-BAAC-8C68786AFC62}.MonoRelease|Any CPU.Build.0 = Release|Any CPU
		{D4E02357-415E-4DF4-BAAC-8C68786AFC62}.MonoRelease|Mixed Platforms.ActiveCfg = Release|Any CPU
		{D4E02357-415E-4DF4-BAAC-8C68786AFC62}.MonoRelease|Mixed Platforms.Build.0 = Release|Any CPU
		{D4E02357-415E-4DF4-BAAC-8C68786AFC62}.MonoRelease|x86.ActiveCfg = Release|Any CPU
		{D4E02357-415E-4DF4-BAAC-8C68786AFC62}.Release|Any CPU.ActiveCfg = Release|Any CPU
		{D4E02357-415E-4DF4-BAAC-8C68786AFC62}.Release|Any CPU.Build.0 = Release|Any CPU
		{D4E02357-415E-4DF4-BAAC-8C68786AFC62}.Release|Mixed Platforms.ActiveCfg = Release|Any CPU
		{D4E02357-415E-4DF4-BAAC-8C68786AFC62}.Release|Mixed Platforms.Build.0 = Release|Any CPU
		{D4E02357-415E-4DF4-BAAC-8C68786AFC62}.Release|x86.ActiveCfg = Release|Any CPU
		{A0F1ED5B-1B95-4967-B843-39C0F1FFD1EA}.Debug|Any CPU.ActiveCfg = Debug|Any CPU
		{A0F1ED5B-1B95-4967-B843-39C0F1FFD1EA}.Debug|Any CPU.Build.0 = Debug|Any CPU
		{A0F1ED5B-1B95-4967-B843-39C0F1FFD1EA}.Debug|Mixed Platforms.ActiveCfg = Debug|Any CPU
		{A0F1ED5B-1B95-4967-B843-39C0F1FFD1EA}.Debug|Mixed Platforms.Build.0 = Debug|Any CPU
		{A0F1ED5B-1B95-4967-B843-39C0F1FFD1EA}.Debug|x86.ActiveCfg = Debug|Any CPU
		{A0F1ED5B-1B95-4967-B843-39C0F1FFD1EA}.MonoDebug|Any CPU.ActiveCfg = Debug|Any CPU
		{A0F1ED5B-1B95-4967-B843-39C0F1FFD1EA}.MonoDebug|Any CPU.Build.0 = Debug|Any CPU
		{A0F1ED5B-1B95-4967-B843-39C0F1FFD1EA}.MonoDebug|Mixed Platforms.ActiveCfg = Debug|Any CPU
		{A0F1ED5B-1B95-4967-B843-39C0F1FFD1EA}.MonoDebug|Mixed Platforms.Build.0 = Debug|Any CPU
		{A0F1ED5B-1B95-4967-B843-39C0F1FFD1EA}.MonoDebug|x86.ActiveCfg = Debug|Any CPU
		{A0F1ED5B-1B95-4967-B843-39C0F1FFD1EA}.MonoRelease|Any CPU.ActiveCfg = Release|Any CPU
		{A0F1ED5B-1B95-4967-B843-39C0F1FFD1EA}.MonoRelease|Any CPU.Build.0 = Release|Any CPU
		{A0F1ED5B-1B95-4967-B843-39C0F1FFD1EA}.MonoRelease|Mixed Platforms.ActiveCfg = Release|Any CPU
		{A0F1ED5B-1B95-4967-B843-39C0F1FFD1EA}.MonoRelease|Mixed Platforms.Build.0 = Release|Any CPU
		{A0F1ED5B-1B95-4967-B843-39C0F1FFD1EA}.MonoRelease|x86.ActiveCfg = Release|Any CPU
		{A0F1ED5B-1B95-4967-B843-39C0F1FFD1EA}.Release|Any CPU.ActiveCfg = Release|Any CPU
		{A0F1ED5B-1B95-4967-B843-39C0F1FFD1EA}.Release|Any CPU.Build.0 = Release|Any CPU
		{A0F1ED5B-1B95-4967-B843-39C0F1FFD1EA}.Release|Mixed Platforms.ActiveCfg = Release|Any CPU
		{A0F1ED5B-1B95-4967-B843-39C0F1FFD1EA}.Release|Mixed Platforms.Build.0 = Release|Any CPU
		{A0F1ED5B-1B95-4967-B843-39C0F1FFD1EA}.Release|x86.ActiveCfg = Release|Any CPU
		{B8727B38-15ED-4BF3-B809-004D444ADEEC}.Debug|Any CPU.ActiveCfg = Debug|Any CPU
		{B8727B38-15ED-4BF3-B809-004D444ADEEC}.Debug|Any CPU.Build.0 = Debug|Any CPU
		{B8727B38-15ED-4BF3-B809-004D444ADEEC}.Debug|Mixed Platforms.ActiveCfg = Debug|Any CPU
		{B8727B38-15ED-4BF3-B809-004D444ADEEC}.Debug|Mixed Platforms.Build.0 = Debug|Any CPU
		{B8727B38-15ED-4BF3-B809-004D444ADEEC}.Debug|x86.ActiveCfg = Debug|Any CPU
		{B8727B38-15ED-4BF3-B809-004D444ADEEC}.MonoDebug|Any CPU.ActiveCfg = Debug|Any CPU
		{B8727B38-15ED-4BF3-B809-004D444ADEEC}.MonoDebug|Any CPU.Build.0 = Debug|Any CPU
		{B8727B38-15ED-4BF3-B809-004D444ADEEC}.MonoDebug|Mixed Platforms.ActiveCfg = Debug|Any CPU
		{B8727B38-15ED-4BF3-B809-004D444ADEEC}.MonoDebug|Mixed Platforms.Build.0 = Debug|Any CPU
		{B8727B38-15ED-4BF3-B809-004D444ADEEC}.MonoDebug|x86.ActiveCfg = Debug|Any CPU
		{B8727B38-15ED-4BF3-B809-004D444ADEEC}.MonoRelease|Any CPU.ActiveCfg = Release|Any CPU
		{B8727B38-15ED-4BF3-B809-004D444ADEEC}.MonoRelease|Any CPU.Build.0 = Release|Any CPU
		{B8727B38-15ED-4BF3-B809-004D444ADEEC}.MonoRelease|Mixed Platforms.ActiveCfg = Release|Any CPU
		{B8727B38-15ED-4BF3-B809-004D444ADEEC}.MonoRelease|Mixed Platforms.Build.0 = Release|Any CPU
		{B8727B38-15ED-4BF3-B809-004D444ADEEC}.MonoRelease|x86.ActiveCfg = Release|Any CPU
		{B8727B38-15ED-4BF3-B809-004D444ADEEC}.Release|Any CPU.ActiveCfg = Release|Any CPU
		{B8727B38-15ED-4BF3-B809-004D444ADEEC}.Release|Any CPU.Build.0 = Release|Any CPU
		{B8727B38-15ED-4BF3-B809-004D444ADEEC}.Release|Mixed Platforms.ActiveCfg = Release|Any CPU
		{B8727B38-15ED-4BF3-B809-004D444ADEEC}.Release|Mixed Platforms.Build.0 = Release|Any CPU
		{B8727B38-15ED-4BF3-B809-004D444ADEEC}.Release|x86.ActiveCfg = Release|Any CPU
		{51B0F81E-542D-459E-9425-9A195043A654}.Debug|Any CPU.ActiveCfg = Debug|Any CPU
		{51B0F81E-542D-459E-9425-9A195043A654}.Debug|Any CPU.Build.0 = Debug|Any CPU
		{51B0F81E-542D-459E-9425-9A195043A654}.Debug|Mixed Platforms.ActiveCfg = Debug|Any CPU
		{51B0F81E-542D-459E-9425-9A195043A654}.Debug|Mixed Platforms.Build.0 = Debug|Any CPU
		{51B0F81E-542D-459E-9425-9A195043A654}.Debug|x86.ActiveCfg = Debug|Any CPU
		{51B0F81E-542D-459E-9425-9A195043A654}.MonoDebug|Any CPU.ActiveCfg = Debug|Any CPU
		{51B0F81E-542D-459E-9425-9A195043A654}.MonoDebug|Any CPU.Build.0 = Debug|Any CPU
		{51B0F81E-542D-459E-9425-9A195043A654}.MonoDebug|Mixed Platforms.ActiveCfg = Debug|Any CPU
		{51B0F81E-542D-459E-9425-9A195043A654}.MonoDebug|Mixed Platforms.Build.0 = Debug|Any CPU
		{51B0F81E-542D-459E-9425-9A195043A654}.MonoDebug|x86.ActiveCfg = Debug|Any CPU
		{51B0F81E-542D-459E-9425-9A195043A654}.MonoRelease|Any CPU.ActiveCfg = Release|Any CPU
		{51B0F81E-542D-459E-9425-9A195043A654}.MonoRelease|Any CPU.Build.0 = Release|Any CPU
		{51B0F81E-542D-459E-9425-9A195043A654}.MonoRelease|Mixed Platforms.ActiveCfg = Release|Any CPU
		{51B0F81E-542D-459E-9425-9A195043A654}.MonoRelease|Mixed Platforms.Build.0 = Release|Any CPU
		{51B0F81E-542D-459E-9425-9A195043A654}.MonoRelease|x86.ActiveCfg = Release|Any CPU
		{51B0F81E-542D-459E-9425-9A195043A654}.Release|Any CPU.ActiveCfg = Release|Any CPU
		{51B0F81E-542D-459E-9425-9A195043A654}.Release|Any CPU.Build.0 = Release|Any CPU
		{51B0F81E-542D-459E-9425-9A195043A654}.Release|Mixed Platforms.ActiveCfg = Release|Any CPU
		{51B0F81E-542D-459E-9425-9A195043A654}.Release|Mixed Platforms.Build.0 = Release|Any CPU
		{51B0F81E-542D-459E-9425-9A195043A654}.Release|x86.ActiveCfg = Release|Any CPU
		{DFFA09CF-15A8-40F9-BB61-B55C226E97B7}.Debug|Any CPU.ActiveCfg = Debug|Any CPU
		{DFFA09CF-15A8-40F9-BB61-B55C226E97B7}.Debug|Any CPU.Build.0 = Debug|Any CPU
		{DFFA09CF-15A8-40F9-BB61-B55C226E97B7}.Debug|Mixed Platforms.ActiveCfg = Debug|Any CPU
		{DFFA09CF-15A8-40F9-BB61-B55C226E97B7}.Debug|Mixed Platforms.Build.0 = Debug|Any CPU
		{DFFA09CF-15A8-40F9-BB61-B55C226E97B7}.Debug|x86.ActiveCfg = Debug|Any CPU
		{DFFA09CF-15A8-40F9-BB61-B55C226E97B7}.MonoDebug|Any CPU.ActiveCfg = Debug|Any CPU
		{DFFA09CF-15A8-40F9-BB61-B55C226E97B7}.MonoDebug|Any CPU.Build.0 = Debug|Any CPU
		{DFFA09CF-15A8-40F9-BB61-B55C226E97B7}.MonoDebug|Mixed Platforms.ActiveCfg = Debug|Any CPU
		{DFFA09CF-15A8-40F9-BB61-B55C226E97B7}.MonoDebug|Mixed Platforms.Build.0 = Debug|Any CPU
		{DFFA09CF-15A8-40F9-BB61-B55C226E97B7}.MonoDebug|x86.ActiveCfg = Debug|Any CPU
		{DFFA09CF-15A8-40F9-BB61-B55C226E97B7}.MonoRelease|Any CPU.ActiveCfg = Release|Any CPU
		{DFFA09CF-15A8-40F9-BB61-B55C226E97B7}.MonoRelease|Any CPU.Build.0 = Release|Any CPU
		{DFFA09CF-15A8-40F9-BB61-B55C226E97B7}.MonoRelease|Mixed Platforms.ActiveCfg = Release|Any CPU
		{DFFA09CF-15A8-40F9-BB61-B55C226E97B7}.MonoRelease|Mixed Platforms.Build.0 = Release|Any CPU
		{DFFA09CF-15A8-40F9-BB61-B55C226E97B7}.MonoRelease|x86.ActiveCfg = Release|Any CPU
		{DFFA09CF-15A8-40F9-BB61-B55C226E97B7}.Release|Any CPU.ActiveCfg = Release|Any CPU
		{DFFA09CF-15A8-40F9-BB61-B55C226E97B7}.Release|Any CPU.Build.0 = Release|Any CPU
		{DFFA09CF-15A8-40F9-BB61-B55C226E97B7}.Release|Mixed Platforms.ActiveCfg = Release|Any CPU
		{DFFA09CF-15A8-40F9-BB61-B55C226E97B7}.Release|Mixed Platforms.Build.0 = Release|Any CPU
		{DFFA09CF-15A8-40F9-BB61-B55C226E97B7}.Release|x86.ActiveCfg = Release|Any CPU
		{1E4A7EFF-7CF8-44BB-B8F3-00276017CE2A}.Debug|Any CPU.ActiveCfg = Debug|Any CPU
		{1E4A7EFF-7CF8-44BB-B8F3-00276017CE2A}.Debug|Any CPU.Build.0 = Debug|Any CPU
		{1E4A7EFF-7CF8-44BB-B8F3-00276017CE2A}.Debug|Mixed Platforms.ActiveCfg = Debug|Any CPU
		{1E4A7EFF-7CF8-44BB-B8F3-00276017CE2A}.Debug|Mixed Platforms.Build.0 = Debug|Any CPU
		{1E4A7EFF-7CF8-44BB-B8F3-00276017CE2A}.Debug|x86.ActiveCfg = Debug|Any CPU
		{1E4A7EFF-7CF8-44BB-B8F3-00276017CE2A}.MonoDebug|Any CPU.ActiveCfg = Debug|Any CPU
		{1E4A7EFF-7CF8-44BB-B8F3-00276017CE2A}.MonoDebug|Any CPU.Build.0 = Debug|Any CPU
		{1E4A7EFF-7CF8-44BB-B8F3-00276017CE2A}.MonoDebug|Mixed Platforms.ActiveCfg = Debug|Any CPU
		{1E4A7EFF-7CF8-44BB-B8F3-00276017CE2A}.MonoDebug|Mixed Platforms.Build.0 = Debug|Any CPU
		{1E4A7EFF-7CF8-44BB-B8F3-00276017CE2A}.MonoDebug|x86.ActiveCfg = Debug|Any CPU
		{1E4A7EFF-7CF8-44BB-B8F3-00276017CE2A}.MonoRelease|Any CPU.ActiveCfg = Release|Any CPU
		{1E4A7EFF-7CF8-44BB-B8F3-00276017CE2A}.MonoRelease|Any CPU.Build.0 = Release|Any CPU
		{1E4A7EFF-7CF8-44BB-B8F3-00276017CE2A}.MonoRelease|Mixed Platforms.ActiveCfg = Release|Any CPU
		{1E4A7EFF-7CF8-44BB-B8F3-00276017CE2A}.MonoRelease|Mixed Platforms.Build.0 = Release|Any CPU
		{1E4A7EFF-7CF8-44BB-B8F3-00276017CE2A}.MonoRelease|x86.ActiveCfg = Release|Any CPU
		{1E4A7EFF-7CF8-44BB-B8F3-00276017CE2A}.Release|Any CPU.ActiveCfg = Release|Any CPU
		{1E4A7EFF-7CF8-44BB-B8F3-00276017CE2A}.Release|Any CPU.Build.0 = Release|Any CPU
		{1E4A7EFF-7CF8-44BB-B8F3-00276017CE2A}.Release|Mixed Platforms.ActiveCfg = Release|Any CPU
		{1E4A7EFF-7CF8-44BB-B8F3-00276017CE2A}.Release|Mixed Platforms.Build.0 = Release|Any CPU
		{1E4A7EFF-7CF8-44BB-B8F3-00276017CE2A}.Release|x86.ActiveCfg = Release|Any CPU
		{34576216-0DCA-4B0F-A0DC-9075E75A676F}.Debug|Any CPU.ActiveCfg = Debug|Any CPU
		{34576216-0DCA-4B0F-A0DC-9075E75A676F}.Debug|Any CPU.Build.0 = Debug|Any CPU
		{34576216-0DCA-4B0F-A0DC-9075E75A676F}.Debug|Mixed Platforms.ActiveCfg = Debug|Any CPU
		{34576216-0DCA-4B0F-A0DC-9075E75A676F}.Debug|Mixed Platforms.Build.0 = Debug|Any CPU
		{34576216-0DCA-4B0F-A0DC-9075E75A676F}.Debug|x86.ActiveCfg = Debug|Any CPU
		{34576216-0DCA-4B0F-A0DC-9075E75A676F}.MonoDebug|Any CPU.ActiveCfg = MonoDebug|Any CPU
		{34576216-0DCA-4B0F-A0DC-9075E75A676F}.MonoDebug|Any CPU.Build.0 = MonoDebug|Any CPU
		{34576216-0DCA-4B0F-A0DC-9075E75A676F}.MonoDebug|Mixed Platforms.ActiveCfg = MonoDebug|Any CPU
		{34576216-0DCA-4B0F-A0DC-9075E75A676F}.MonoDebug|Mixed Platforms.Build.0 = MonoDebug|Any CPU
		{34576216-0DCA-4B0F-A0DC-9075E75A676F}.MonoDebug|x86.ActiveCfg = MonoDebug|Any CPU
		{34576216-0DCA-4B0F-A0DC-9075E75A676F}.MonoRelease|Any CPU.ActiveCfg = MonoRelease|Any CPU
		{34576216-0DCA-4B0F-A0DC-9075E75A676F}.MonoRelease|Any CPU.Build.0 = MonoRelease|Any CPU
		{34576216-0DCA-4B0F-A0DC-9075E75A676F}.MonoRelease|Mixed Platforms.ActiveCfg = MonoRelease|Any CPU
		{34576216-0DCA-4B0F-A0DC-9075E75A676F}.MonoRelease|Mixed Platforms.Build.0 = MonoRelease|Any CPU
		{34576216-0DCA-4B0F-A0DC-9075E75A676F}.MonoRelease|x86.ActiveCfg = MonoRelease|Any CPU
		{34576216-0DCA-4B0F-A0DC-9075E75A676F}.Release|Any CPU.ActiveCfg = Release|Any CPU
		{34576216-0DCA-4B0F-A0DC-9075E75A676F}.Release|Any CPU.Build.0 = Release|Any CPU
		{34576216-0DCA-4B0F-A0DC-9075E75A676F}.Release|Mixed Platforms.ActiveCfg = Release|Any CPU
		{34576216-0DCA-4B0F-A0DC-9075E75A676F}.Release|Mixed Platforms.Build.0 = Release|Any CPU
		{34576216-0DCA-4B0F-A0DC-9075E75A676F}.Release|x86.ActiveCfg = Release|Any CPU
		{AA7F66EB-EC2C-47DE-855F-30B3E6EF2134}.Debug|Any CPU.ActiveCfg = Debug|Any CPU
		{AA7F66EB-EC2C-47DE-855F-30B3E6EF2134}.Debug|Any CPU.Build.0 = Debug|Any CPU
		{AA7F66EB-EC2C-47DE-855F-30B3E6EF2134}.Debug|Mixed Platforms.ActiveCfg = Debug|Any CPU
		{AA7F66EB-EC2C-47DE-855F-30B3E6EF2134}.Debug|Mixed Platforms.Build.0 = Debug|Any CPU
		{AA7F66EB-EC2C-47DE-855F-30B3E6EF2134}.Debug|x86.ActiveCfg = Debug|Any CPU
		{AA7F66EB-EC2C-47DE-855F-30B3E6EF2134}.MonoDebug|Any CPU.ActiveCfg = MonoDebug|Any CPU
		{AA7F66EB-EC2C-47DE-855F-30B3E6EF2134}.MonoDebug|Any CPU.Build.0 = MonoDebug|Any CPU
		{AA7F66EB-EC2C-47DE-855F-30B3E6EF2134}.MonoDebug|Mixed Platforms.ActiveCfg = MonoDebug|Any CPU
		{AA7F66EB-EC2C-47DE-855F-30B3E6EF2134}.MonoDebug|Mixed Platforms.Build.0 = MonoDebug|Any CPU
		{AA7F66EB-EC2C-47DE-855F-30B3E6EF2134}.MonoDebug|x86.ActiveCfg = MonoDebug|Any CPU
		{AA7F66EB-EC2C-47DE-855F-30B3E6EF2134}.MonoRelease|Any CPU.ActiveCfg = MonoRelease|Any CPU
		{AA7F66EB-EC2C-47DE-855F-30B3E6EF2134}.MonoRelease|Any CPU.Build.0 = MonoRelease|Any CPU
		{AA7F66EB-EC2C-47DE-855F-30B3E6EF2134}.MonoRelease|Mixed Platforms.ActiveCfg = MonoRelease|Any CPU
		{AA7F66EB-EC2C-47DE-855F-30B3E6EF2134}.MonoRelease|Mixed Platforms.Build.0 = MonoRelease|Any CPU
		{AA7F66EB-EC2C-47DE-855F-30B3E6EF2134}.MonoRelease|x86.ActiveCfg = MonoRelease|Any CPU
		{AA7F66EB-EC2C-47DE-855F-30B3E6EF2134}.Release|Any CPU.ActiveCfg = Release|Any CPU
		{AA7F66EB-EC2C-47DE-855F-30B3E6EF2134}.Release|Any CPU.Build.0 = Release|Any CPU
		{AA7F66EB-EC2C-47DE-855F-30B3E6EF2134}.Release|Mixed Platforms.ActiveCfg = Release|Any CPU
		{AA7F66EB-EC2C-47DE-855F-30B3E6EF2134}.Release|Mixed Platforms.Build.0 = Release|Any CPU
		{AA7F66EB-EC2C-47DE-855F-30B3E6EF2134}.Release|x86.ActiveCfg = Release|Any CPU
		{7AF70258-B585-4AD2-B70B-A879AC023CC2}.Debug|Any CPU.ActiveCfg = Debug|Any CPU
		{7AF70258-B585-4AD2-B70B-A879AC023CC2}.Debug|Any CPU.Build.0 = Debug|Any CPU
		{7AF70258-B585-4AD2-B70B-A879AC023CC2}.Debug|Mixed Platforms.ActiveCfg = Debug|Any CPU
		{7AF70258-B585-4AD2-B70B-A879AC023CC2}.Debug|Mixed Platforms.Build.0 = Debug|Any CPU
		{7AF70258-B585-4AD2-B70B-A879AC023CC2}.Debug|x86.ActiveCfg = Debug|Any CPU
		{7AF70258-B585-4AD2-B70B-A879AC023CC2}.MonoDebug|Any CPU.ActiveCfg = Debug|Any CPU
		{7AF70258-B585-4AD2-B70B-A879AC023CC2}.MonoDebug|Any CPU.Build.0 = Debug|Any CPU
		{7AF70258-B585-4AD2-B70B-A879AC023CC2}.MonoDebug|Mixed Platforms.ActiveCfg = Debug|Any CPU
		{7AF70258-B585-4AD2-B70B-A879AC023CC2}.MonoDebug|Mixed Platforms.Build.0 = Debug|Any CPU
		{7AF70258-B585-4AD2-B70B-A879AC023CC2}.MonoDebug|x86.ActiveCfg = Debug|Any CPU
		{7AF70258-B585-4AD2-B70B-A879AC023CC2}.MonoRelease|Any CPU.ActiveCfg = Release|Any CPU
		{7AF70258-B585-4AD2-B70B-A879AC023CC2}.MonoRelease|Any CPU.Build.0 = Release|Any CPU
		{7AF70258-B585-4AD2-B70B-A879AC023CC2}.MonoRelease|Mixed Platforms.ActiveCfg = Release|Any CPU
		{7AF70258-B585-4AD2-B70B-A879AC023CC2}.MonoRelease|Mixed Platforms.Build.0 = Release|Any CPU
		{7AF70258-B585-4AD2-B70B-A879AC023CC2}.MonoRelease|x86.ActiveCfg = Release|Any CPU
		{7AF70258-B585-4AD2-B70B-A879AC023CC2}.Release|Any CPU.ActiveCfg = Release|Any CPU
		{7AF70258-B585-4AD2-B70B-A879AC023CC2}.Release|Any CPU.Build.0 = Release|Any CPU
		{7AF70258-B585-4AD2-B70B-A879AC023CC2}.Release|Mixed Platforms.ActiveCfg = Release|Any CPU
		{7AF70258-B585-4AD2-B70B-A879AC023CC2}.Release|Mixed Platforms.Build.0 = Release|Any CPU
		{7AF70258-B585-4AD2-B70B-A879AC023CC2}.Release|x86.ActiveCfg = Release|Any CPU
		{15A0F982-A52F-45D3-83AC-76A8202FF5DF}.Debug|Any CPU.ActiveCfg = Debug|Any CPU
		{15A0F982-A52F-45D3-83AC-76A8202FF5DF}.Debug|Any CPU.Build.0 = Debug|Any CPU
		{15A0F982-A52F-45D3-83AC-76A8202FF5DF}.Debug|Mixed Platforms.ActiveCfg = Debug|Any CPU
		{15A0F982-A52F-45D3-83AC-76A8202FF5DF}.Debug|Mixed Platforms.Build.0 = Debug|Any CPU
		{15A0F982-A52F-45D3-83AC-76A8202FF5DF}.Debug|x86.ActiveCfg = Debug|Any CPU
		{15A0F982-A52F-45D3-83AC-76A8202FF5DF}.MonoDebug|Any CPU.ActiveCfg = Debug|Any CPU
		{15A0F982-A52F-45D3-83AC-76A8202FF5DF}.MonoDebug|Any CPU.Build.0 = Debug|Any CPU
		{15A0F982-A52F-45D3-83AC-76A8202FF5DF}.MonoDebug|Mixed Platforms.ActiveCfg = Debug|Any CPU
		{15A0F982-A52F-45D3-83AC-76A8202FF5DF}.MonoDebug|Mixed Platforms.Build.0 = Debug|Any CPU
		{15A0F982-A52F-45D3-83AC-76A8202FF5DF}.MonoDebug|x86.ActiveCfg = Debug|Any CPU
		{15A0F982-A52F-45D3-83AC-76A8202FF5DF}.MonoRelease|Any CPU.ActiveCfg = Release|Any CPU
		{15A0F982-A52F-45D3-83AC-76A8202FF5DF}.MonoRelease|Any CPU.Build.0 = Release|Any CPU
		{15A0F982-A52F-45D3-83AC-76A8202FF5DF}.MonoRelease|Mixed Platforms.ActiveCfg = Release|Any CPU
		{15A0F982-A52F-45D3-83AC-76A8202FF5DF}.MonoRelease|Mixed Platforms.Build.0 = Release|Any CPU
		{15A0F982-A52F-45D3-83AC-76A8202FF5DF}.MonoRelease|x86.ActiveCfg = Release|Any CPU
		{15A0F982-A52F-45D3-83AC-76A8202FF5DF}.Release|Any CPU.ActiveCfg = Release|Any CPU
		{15A0F982-A52F-45D3-83AC-76A8202FF5DF}.Release|Any CPU.Build.0 = Release|Any CPU
		{15A0F982-A52F-45D3-83AC-76A8202FF5DF}.Release|Mixed Platforms.ActiveCfg = Release|Any CPU
		{15A0F982-A52F-45D3-83AC-76A8202FF5DF}.Release|Mixed Platforms.Build.0 = Release|Any CPU
		{15A0F982-A52F-45D3-83AC-76A8202FF5DF}.Release|x86.ActiveCfg = Release|Any CPU
		{28D9ED5D-601F-4EBE-BA38-80A654661FE2}.Debug|Any CPU.ActiveCfg = Debug|Any CPU
		{28D9ED5D-601F-4EBE-BA38-80A654661FE2}.Debug|Any CPU.Build.0 = Debug|Any CPU
		{28D9ED5D-601F-4EBE-BA38-80A654661FE2}.Debug|Mixed Platforms.ActiveCfg = Debug|Any CPU
		{28D9ED5D-601F-4EBE-BA38-80A654661FE2}.Debug|Mixed Platforms.Build.0 = Debug|Any CPU
		{28D9ED5D-601F-4EBE-BA38-80A654661FE2}.Debug|x86.ActiveCfg = Debug|Any CPU
		{28D9ED5D-601F-4EBE-BA38-80A654661FE2}.MonoDebug|Any CPU.ActiveCfg = Debug|Any CPU
		{28D9ED5D-601F-4EBE-BA38-80A654661FE2}.MonoDebug|Any CPU.Build.0 = Debug|Any CPU
		{28D9ED5D-601F-4EBE-BA38-80A654661FE2}.MonoDebug|Mixed Platforms.ActiveCfg = Debug|Any CPU
		{28D9ED5D-601F-4EBE-BA38-80A654661FE2}.MonoDebug|Mixed Platforms.Build.0 = Debug|Any CPU
		{28D9ED5D-601F-4EBE-BA38-80A654661FE2}.MonoDebug|x86.ActiveCfg = Debug|Any CPU
		{28D9ED5D-601F-4EBE-BA38-80A654661FE2}.MonoRelease|Any CPU.ActiveCfg = Release|Any CPU
		{28D9ED5D-601F-4EBE-BA38-80A654661FE2}.MonoRelease|Any CPU.Build.0 = Release|Any CPU
		{28D9ED5D-601F-4EBE-BA38-80A654661FE2}.MonoRelease|Mixed Platforms.ActiveCfg = Release|Any CPU
		{28D9ED5D-601F-4EBE-BA38-80A654661FE2}.MonoRelease|Mixed Platforms.Build.0 = Release|Any CPU
		{28D9ED5D-601F-4EBE-BA38-80A654661FE2}.MonoRelease|x86.ActiveCfg = Release|Any CPU
		{28D9ED5D-601F-4EBE-BA38-80A654661FE2}.Release|Any CPU.ActiveCfg = Release|Any CPU
		{28D9ED5D-601F-4EBE-BA38-80A654661FE2}.Release|Any CPU.Build.0 = Release|Any CPU
		{28D9ED5D-601F-4EBE-BA38-80A654661FE2}.Release|Mixed Platforms.ActiveCfg = Release|Any CPU
		{28D9ED5D-601F-4EBE-BA38-80A654661FE2}.Release|Mixed Platforms.Build.0 = Release|Any CPU
		{28D9ED5D-601F-4EBE-BA38-80A654661FE2}.Release|x86.ActiveCfg = Release|Any CPU
		{BAE74CD5-57C2-40E3-8F7A-EDE5721C2ACC}.Debug|Any CPU.ActiveCfg = Debug|Any CPU
		{BAE74CD5-57C2-40E3-8F7A-EDE5721C2ACC}.Debug|Any CPU.Build.0 = Debug|Any CPU
		{BAE74CD5-57C2-40E3-8F7A-EDE5721C2ACC}.Debug|Mixed Platforms.ActiveCfg = Debug|Any CPU
		{BAE74CD5-57C2-40E3-8F7A-EDE5721C2ACC}.Debug|Mixed Platforms.Build.0 = Debug|Any CPU
		{BAE74CD5-57C2-40E3-8F7A-EDE5721C2ACC}.Debug|x86.ActiveCfg = Debug|Any CPU
		{BAE74CD5-57C2-40E3-8F7A-EDE5721C2ACC}.MonoDebug|Any CPU.ActiveCfg = MonoDebug|Any CPU
		{BAE74CD5-57C2-40E3-8F7A-EDE5721C2ACC}.MonoDebug|Any CPU.Build.0 = MonoDebug|Any CPU
		{BAE74CD5-57C2-40E3-8F7A-EDE5721C2ACC}.MonoDebug|Mixed Platforms.ActiveCfg = MonoDebug|Any CPU
		{BAE74CD5-57C2-40E3-8F7A-EDE5721C2ACC}.MonoDebug|Mixed Platforms.Build.0 = MonoDebug|Any CPU
		{BAE74CD5-57C2-40E3-8F7A-EDE5721C2ACC}.MonoDebug|x86.ActiveCfg = MonoDebug|Any CPU
		{BAE74CD5-57C2-40E3-8F7A-EDE5721C2ACC}.MonoRelease|Any CPU.ActiveCfg = MonoRelease|Any CPU
		{BAE74CD5-57C2-40E3-8F7A-EDE5721C2ACC}.MonoRelease|Any CPU.Build.0 = MonoRelease|Any CPU
		{BAE74CD5-57C2-40E3-8F7A-EDE5721C2ACC}.MonoRelease|Mixed Platforms.ActiveCfg = MonoRelease|Any CPU
		{BAE74CD5-57C2-40E3-8F7A-EDE5721C2ACC}.MonoRelease|Mixed Platforms.Build.0 = MonoRelease|Any CPU
		{BAE74CD5-57C2-40E3-8F7A-EDE5721C2ACC}.MonoRelease|x86.ActiveCfg = MonoRelease|Any CPU
		{BAE74CD5-57C2-40E3-8F7A-EDE5721C2ACC}.Release|Any CPU.ActiveCfg = Release|Any CPU
		{BAE74CD5-57C2-40E3-8F7A-EDE5721C2ACC}.Release|Any CPU.Build.0 = Release|Any CPU
		{BAE74CD5-57C2-40E3-8F7A-EDE5721C2ACC}.Release|Mixed Platforms.ActiveCfg = Release|Any CPU
		{BAE74CD5-57C2-40E3-8F7A-EDE5721C2ACC}.Release|Mixed Platforms.Build.0 = Release|Any CPU
		{BAE74CD5-57C2-40E3-8F7A-EDE5721C2ACC}.Release|x86.ActiveCfg = Release|Any CPU
	EndGlobalSection
	GlobalSection(SolutionProperties) = preSolution
		HideSolutionNode = FALSE
	EndGlobalSection
	GlobalSection(NestedProjects) = preSolution
		{A0F1ED5B-1B95-4967-B843-39C0F1FFD1EA} = {CA3A4373-F14D-41D0-A20D-4494B3CA1249}
		{D4E02357-415E-4DF4-BAAC-8C68786AFC62} = {CA3A4373-F14D-41D0-A20D-4494B3CA1249}
		{DFFA09CF-15A8-40F9-BB61-B55C226E97B7} = {41EF176A-D2B1-4555-935A-D1E6F32A15B4}
		{51B0F81E-542D-459E-9425-9A195043A654} = {41EF176A-D2B1-4555-935A-D1E6F32A15B4}
		{34576216-0DCA-4B0F-A0DC-9075E75A676F} = {D11B9CCB-ECFB-44EE-A1BD-D417B22E92AF}
		{AA7F66EB-EC2C-47DE-855F-30B3E6EF2134} = {D11B9CCB-ECFB-44EE-A1BD-D417B22E92AF}
		{BAE74CD5-57C2-40E3-8F7A-EDE5721C2ACC} = {D11B9CCB-ECFB-44EE-A1BD-D417B22E92AF}
	EndGlobalSection
EndGlobal
